
Microsoft Visual Studio Solution File, Format Version 12.00
# Visual Studio Version 17
VisualStudioVersion = 17.11.35312.102
MinimumVisualStudioVersion = 10.0.40219.1
Project("{FAE04EC0-301F-11D3-BF4B-00C04F79EFBC}") = "MilitaryDistrictSystem", "MilitaryDistrictSystem\MilitaryDistrictSystem.csproj", "{EB294C7C-6AD2-4A39-9FB6-4A33E3D8DA4B}"
EndProject
Global
	GlobalSection(SolutionConfigurationPlatforms) = preSolution
		Debug|Any CPU = Debug|Any CPU
		Release|Any CPU = Release|Any CPU
	EndGlobalSection
	GlobalSection(ProjectConfigurationPlatforms) = postSolution
		{EB294C7C-6AD2-4A39-9FB6-4A33E3D8DA4B}.Debug|Any CPU.ActiveCfg = Debug|Any CPU
		{EB294C7C-6AD2-4A39-9FB6-4A33E3D8DA4B}.Debug|Any CPU.Build.0 = Debug|Any CPU
		{EB294C7C-6AD2-4A39-9FB6-4A33E3D8DA4B}.Release|Any CPU.ActiveCfg = Release|Any CPU
		{EB294C7C-6AD2-4A39-9FB6-4A33E3D8DA4B}.Release|Any CPU.Build.0 = Release|Any CPU
	EndGlobalSection
	GlobalSection(SolutionProperties) = preSolution
		HideSolutionNode = FALSE
	EndGlobalSection
	GlobalSection(ExtensibilityGlobals) = postSolution
		SolutionGuid = {17511C0E-C8D2-443A-B42D-3FB7133E772E}
	EndGlobalSection
EndGlobal
